
Microsoft Visual Studio Solution File, Format Version 12.00
# Visual Studio Version 17
VisualStudioVersion = 17.2.32616.157
MinimumVisualStudioVersion = 10.0.40219.1
Project("{FAE04EC0-301F-11D3-BF4B-00C04F79EFBC}") = "RestaurantAPI", "RestaurantAPI\RestaurantAPI.csproj", "{EDB3EF76-AC98-4C69-B47B-E9451B19618D}"
EndProject
Global
	GlobalSection(SolutionConfigurationPlatforms) = preSolution
		Debug|Any CPU = Debug|Any CPU
		Release|Any CPU = Release|Any CPU
	EndGlobalSection
	GlobalSection(ProjectConfigurationPlatforms) = postSolution
		{EDB3EF76-AC98-4C69-B47B-E9451B19618D}.Debug|Any CPU.ActiveCfg = Debug|Any CPU
		{EDB3EF76-AC98-4C69-B47B-E9451B19618D}.Debug|Any CPU.Build.0 = Debug|Any CPU
		{EDB3EF76-AC98-4C69-B47B-E9451B19618D}.Release|Any CPU.ActiveCfg = Release|Any CPU
		{EDB3EF76-AC98-4C69-B47B-E9451B19618D}.Release|Any CPU.Build.0 = Release|Any CPU
	EndGlobalSection
	GlobalSection(SolutionProperties) = preSolution
		HideSolutionNode = FALSE
	EndGlobalSection
	GlobalSection(ExtensibilityGlobals) = postSolution
		SolutionGuid = {EEE1FB4D-5F15-4E04-8715-02FF1DB7B13A}
	EndGlobalSection
EndGlobal
